// !$*UTF8*$!
{
	archiveVersion = 1;
	classes = {
	};
	objectVersion = 56;
	objects = {

/* Begin PBXBuildFile section */
		014B1673EE2FDCE543AFF4F2 /* Pods_RankFitTests.framework in Frameworks */ = {isa = PBXBuildFile; fileRef = 9C065524F5E420FA02883AA8 /* Pods_RankFitTests.framework */; };
		15CC3AD2BC95A9A1A4040123 /* Pods_RankFit.framework in Frameworks */ = {isa = PBXBuildFile; fileRef = 423C216EBA3E6EAD43D54C12 /* Pods_RankFit.framework */; };
		33657A4E294483E900164DB5 /* AerobicActivityViewController.swift in Sources */ = {isa = PBXBuildFile; fileRef = 33657A4D294483E900164DB5 /* AerobicActivityViewController.swift */; };
		33657A502944840100164DB5 /* DoExerciseViewModel.swift in Sources */ = {isa = PBXBuildFile; fileRef = 33657A4F2944840100164DB5 /* DoExerciseViewModel.swift */; };
		33657A5229448C2500164DB5 /* ExerciseList.storyboard in Resources */ = {isa = PBXBuildFile; fileRef = 33657A5129448C2500164DB5 /* ExerciseList.storyboard */; };
		33657A552944ACB800164DB5 /* ExerciseListViewController.swift in Sources */ = {isa = PBXBuildFile; fileRef = 33657A542944ACB800164DB5 /* ExerciseListViewController.swift */; };
		33657A572944ACD600164DB5 /* ExerciseInfoCell.swift in Sources */ = {isa = PBXBuildFile; fileRef = 33657A562944ACD600164DB5 /* ExerciseInfoCell.swift */; };
		33657A592944ACE500164DB5 /* ExerciseListViewModel.swift in Sources */ = {isa = PBXBuildFile; fileRef = 33657A582944ACE500164DB5 /* ExerciseListViewModel.swift */; };
		33657A5B2944B4AC00164DB5 /* saveExercise.storyboard in Resources */ = {isa = PBXBuildFile; fileRef = 33657A5A2944B4AC00164DB5 /* saveExercise.storyboard */; };
		33657A5E2944B4F900164DB5 /* saveExerciseViewController1.swift in Sources */ = {isa = PBXBuildFile; fileRef = 33657A5D2944B4F900164DB5 /* saveExerciseViewController1.swift */; };
		33657A602944B50400164DB5 /* saveExerciseViewController2.swift in Sources */ = {isa = PBXBuildFile; fileRef = 33657A5F2944B50400164DB5 /* saveExerciseViewController2.swift */; };
		33657A622944B51C00164DB5 /* saveExerciseViewModel.swift in Sources */ = {isa = PBXBuildFile; fileRef = 33657A612944B51C00164DB5 /* saveExerciseViewModel.swift */; };
		33657A642944C7E000164DB5 /* Temp.storyboard in Resources */ = {isa = PBXBuildFile; fileRef = 33657A632944C7E000164DB5 /* Temp.storyboard */; };
		33657A672944C84800164DB5 /* TempViewController.swift in Sources */ = {isa = PBXBuildFile; fileRef = 33657A662944C84800164DB5 /* TempViewController.swift */; };
		33657A692944C87100164DB5 /* Setting.storyboard in Resources */ = {isa = PBXBuildFile; fileRef = 33657A682944C87100164DB5 /* Setting.storyboard */; };
		33657A6C2944C89800164DB5 /* SettingViewController.swift in Sources */ = {isa = PBXBuildFile; fileRef = 33657A6B2944C89800164DB5 /* SettingViewController.swift */; };
		33657A6E2944C8DC00164DB5 /* anaerobicExerciseInfo.swift in Sources */ = {isa = PBXBuildFile; fileRef = 33657A6D2944C8DC00164DB5 /* anaerobicExerciseInfo.swift */; };
		33657A712944C92100164DB5 /* aerobicExerciseInfo.swift in Sources */ = {isa = PBXBuildFile; fileRef = 33657A702944C92100164DB5 /* aerobicExerciseInfo.swift */; };
		33657A732944C93500164DB5 /* ExerciseInfo.swift in Sources */ = {isa = PBXBuildFile; fileRef = 33657A722944C93500164DB5 /* ExerciseInfo.swift */; };
		33657A752944C98500164DB5 /* CustomBarItem.swift in Sources */ = {isa = PBXBuildFile; fileRef = 33657A742944C98500164DB5 /* CustomBarItem.swift */; };
		33657A782944C9AA00164DB5 /* BarButtonItemGenerate.swift in Sources */ = {isa = PBXBuildFile; fileRef = 33657A772944C9AA00164DB5 /* BarButtonItemGenerate.swift */; };
		33657A7C2944CA6200164DB5 /* getTopViewController.swift in Sources */ = {isa = PBXBuildFile; fileRef = 33657A7B2944CA6200164DB5 /* getTopViewController.swift */; };
		33657A7F2944CB7B00164DB5 /* ConfigDataStore.swift in Sources */ = {isa = PBXBuildFile; fileRef = 33657A7E2944CB7B00164DB5 /* ConfigDataStore.swift */; };
		33E916F42943AC4A00FC074A /* AppDelegate.swift in Sources */ = {isa = PBXBuildFile; fileRef = 33E916F32943AC4A00FC074A /* AppDelegate.swift */; };
		33E916F62943AC4A00FC074A /* SceneDelegate.swift in Sources */ = {isa = PBXBuildFile; fileRef = 33E916F52943AC4A00FC074A /* SceneDelegate.swift */; };
		33E916FB2943AC4A00FC074A /* Main.storyboard in Resources */ = {isa = PBXBuildFile; fileRef = 33E916F92943AC4A00FC074A /* Main.storyboard */; };
		33E916FE2943AC4A00FC074A /* RankFit.xcdatamodeld in Sources */ = {isa = PBXBuildFile; fileRef = 33E916FC2943AC4A00FC074A /* RankFit.xcdatamodeld */; };
		33E917002943AC4B00FC074A /* Assets.xcassets in Resources */ = {isa = PBXBuildFile; fileRef = 33E916FF2943AC4B00FC074A /* Assets.xcassets */; };
		33E917032943AC4B00FC074A /* LaunchScreen.storyboard in Resources */ = {isa = PBXBuildFile; fileRef = 33E917012943AC4B00FC074A /* LaunchScreen.storyboard */; };
		33E9170E2943AC4B00FC074A /* RankFitTests.swift in Sources */ = {isa = PBXBuildFile; fileRef = 33E9170D2943AC4B00FC074A /* RankFitTests.swift */; };
		33E917182943AC4B00FC074A /* RankFitUITests.swift in Sources */ = {isa = PBXBuildFile; fileRef = 33E917172943AC4B00FC074A /* RankFitUITests.swift */; };
		33E9171A2943AC4B00FC074A /* RankFitUITestsLaunchTests.swift in Sources */ = {isa = PBXBuildFile; fileRef = 33E917192943AC4B00FC074A /* RankFitUITestsLaunchTests.swift */; };
		33E917292943B0DD00FC074A /* MainTabBarController.swift in Sources */ = {isa = PBXBuildFile; fileRef = 33E917282943B0DD00FC074A /* MainTabBarController.swift */; };
		33E9172C2943B1F600FC074A /* Home.storyboard in Resources */ = {isa = PBXBuildFile; fileRef = 33E9172B2943B1F600FC074A /* Home.storyboard */; };
		33E9172E2943B21800FC074A /* HomeViewController.swift in Sources */ = {isa = PBXBuildFile; fileRef = 33E9172D2943B21800FC074A /* HomeViewController.swift */; };
		33E917322943B57200FC074A /* Rank.storyboard in Resources */ = {isa = PBXBuildFile; fileRef = 33E917312943B57200FC074A /* Rank.storyboard */; };
		33E917342943B58600FC074A /* RankViewController.swift in Sources */ = {isa = PBXBuildFile; fileRef = 33E917332943B58600FC074A /* RankViewController.swift */; };
		33E917372943B61400FC074A /* Exercise.storyboard in Resources */ = {isa = PBXBuildFile; fileRef = 33E917362943B61400FC074A /* Exercise.storyboard */; };
		33E917392943B62000FC074A /* ExerciseViewController.swift in Sources */ = {isa = PBXBuildFile; fileRef = 33E917382943B62000FC074A /* ExerciseViewController.swift */; };
		33E9173C2943BBE300FC074A /* ExerciseViewModel.swift in Sources */ = {isa = PBXBuildFile; fileRef = 33E9173B2943BBE300FC074A /* ExerciseViewModel.swift */; };
		33E9173E2943BC7600FC074A /* ExercisePlanCell.swift in Sources */ = {isa = PBXBuildFile; fileRef = 33E9173D2943BC7600FC074A /* ExercisePlanCell.swift */; };
		33E917402943C6B500FC074A /* DoExercise.storyboard in Resources */ = {isa = PBXBuildFile; fileRef = 33E9173F2943C6B500FC074A /* DoExercise.storyboard */; };
		33E917432943C6DC00FC074A /* AnaerobicActivityViewController.swift in Sources */ = {isa = PBXBuildFile; fileRef = 33E917422943C6DC00FC074A /* AnaerobicActivityViewController.swift */; };
		F8DA81F21F9914B61140F575 /* Pods_RankFit_RankFitUITests.framework in Frameworks */ = {isa = PBXBuildFile; fileRef = BFAB445775C61FD67BE76796 /* Pods_RankFit_RankFitUITests.framework */; };
/* End PBXBuildFile section */

/* Begin PBXContainerItemProxy section */
		33E9170A2943AC4B00FC074A /* PBXContainerItemProxy */ = {
			isa = PBXContainerItemProxy;
			containerPortal = 33E916E82943AC4A00FC074A /* Project object */;
			proxyType = 1;
			remoteGlobalIDString = 33E916EF2943AC4A00FC074A;
			remoteInfo = RankFit;
		};
		33E917142943AC4B00FC074A /* PBXContainerItemProxy */ = {
			isa = PBXContainerItemProxy;
			containerPortal = 33E916E82943AC4A00FC074A /* Project object */;
			proxyType = 1;
			remoteGlobalIDString = 33E916EF2943AC4A00FC074A;
			remoteInfo = RankFit;
		};
/* End PBXContainerItemProxy section */

/* Begin PBXFileReference section */
		1BAB57B374DD05BF2125AB8F /* Pods-RankFit-RankFitUITests.release.xcconfig */ = {isa = PBXFileReference; includeInIndex = 1; lastKnownFileType = text.xcconfig; name = "Pods-RankFit-RankFitUITests.release.xcconfig"; path = "Target Support Files/Pods-RankFit-RankFitUITests/Pods-RankFit-RankFitUITests.release.xcconfig"; sourceTree = "<group>"; };
		33657A4D294483E900164DB5 /* AerobicActivityViewController.swift */ = {isa = PBXFileReference; lastKnownFileType = sourcecode.swift; path = AerobicActivityViewController.swift; sourceTree = "<group>"; };
		33657A4F2944840100164DB5 /* DoExerciseViewModel.swift */ = {isa = PBXFileReference; lastKnownFileType = sourcecode.swift; path = DoExerciseViewModel.swift; sourceTree = "<group>"; };
		33657A5129448C2500164DB5 /* ExerciseList.storyboard */ = {isa = PBXFileReference; lastKnownFileType = file.storyboard; path = ExerciseList.storyboard; sourceTree = "<group>"; };
		33657A542944ACB800164DB5 /* ExerciseListViewController.swift */ = {isa = PBXFileReference; lastKnownFileType = sourcecode.swift; path = ExerciseListViewController.swift; sourceTree = "<group>"; };
		33657A562944ACD600164DB5 /* ExerciseInfoCell.swift */ = {isa = PBXFileReference; lastKnownFileType = sourcecode.swift; path = ExerciseInfoCell.swift; sourceTree = "<group>"; };
		33657A582944ACE500164DB5 /* ExerciseListViewModel.swift */ = {isa = PBXFileReference; lastKnownFileType = sourcecode.swift; path = ExerciseListViewModel.swift; sourceTree = "<group>"; };
		33657A5A2944B4AC00164DB5 /* saveExercise.storyboard */ = {isa = PBXFileReference; lastKnownFileType = file.storyboard; path = saveExercise.storyboard; sourceTree = "<group>"; };
		33657A5D2944B4F900164DB5 /* saveExerciseViewController1.swift */ = {isa = PBXFileReference; lastKnownFileType = sourcecode.swift; path = saveExerciseViewController1.swift; sourceTree = "<group>"; };
		33657A5F2944B50400164DB5 /* saveExerciseViewController2.swift */ = {isa = PBXFileReference; lastKnownFileType = sourcecode.swift; path = saveExerciseViewController2.swift; sourceTree = "<group>"; };
		33657A612944B51C00164DB5 /* saveExerciseViewModel.swift */ = {isa = PBXFileReference; lastKnownFileType = sourcecode.swift; path = saveExerciseViewModel.swift; sourceTree = "<group>"; };
		33657A632944C7E000164DB5 /* Temp.storyboard */ = {isa = PBXFileReference; lastKnownFileType = file.storyboard; path = Temp.storyboard; sourceTree = "<group>"; };
		33657A662944C84800164DB5 /* TempViewController.swift */ = {isa = PBXFileReference; lastKnownFileType = sourcecode.swift; path = TempViewController.swift; sourceTree = "<group>"; };
		33657A682944C87100164DB5 /* Setting.storyboard */ = {isa = PBXFileReference; lastKnownFileType = file.storyboard; path = Setting.storyboard; sourceTree = "<group>"; };
		33657A6B2944C89800164DB5 /* SettingViewController.swift */ = {isa = PBXFileReference; lastKnownFileType = sourcecode.swift; path = SettingViewController.swift; sourceTree = "<group>"; };
		33657A6D2944C8DC00164DB5 /* anaerobicExerciseInfo.swift */ = {isa = PBXFileReference; lastKnownFileType = sourcecode.swift; path = anaerobicExerciseInfo.swift; sourceTree = "<group>"; };
		33657A702944C92100164DB5 /* aerobicExerciseInfo.swift */ = {isa = PBXFileReference; lastKnownFileType = sourcecode.swift; path = aerobicExerciseInfo.swift; sourceTree = "<group>"; };
		33657A722944C93500164DB5 /* ExerciseInfo.swift */ = {isa = PBXFileReference; lastKnownFileType = sourcecode.swift; path = ExerciseInfo.swift; sourceTree = "<group>"; };
		33657A742944C98500164DB5 /* CustomBarItem.swift */ = {isa = PBXFileReference; lastKnownFileType = sourcecode.swift; path = CustomBarItem.swift; sourceTree = "<group>"; };
		33657A772944C9AA00164DB5 /* BarButtonItemGenerate.swift */ = {isa = PBXFileReference; lastKnownFileType = sourcecode.swift; path = BarButtonItemGenerate.swift; sourceTree = "<group>"; };
		33657A7B2944CA6200164DB5 /* getTopViewController.swift */ = {isa = PBXFileReference; lastKnownFileType = sourcecode.swift; path = getTopViewController.swift; sourceTree = "<group>"; };
		33657A7E2944CB7B00164DB5 /* ConfigDataStore.swift */ = {isa = PBXFileReference; lastKnownFileType = sourcecode.swift; path = ConfigDataStore.swift; sourceTree = "<group>"; };
		33E916F02943AC4A00FC074A /* RankFit.app */ = {isa = PBXFileReference; explicitFileType = wrapper.application; includeInIndex = 0; path = RankFit.app; sourceTree = BUILT_PRODUCTS_DIR; };
		33E916F32943AC4A00FC074A /* AppDelegate.swift */ = {isa = PBXFileReference; lastKnownFileType = sourcecode.swift; path = AppDelegate.swift; sourceTree = "<group>"; };
		33E916F52943AC4A00FC074A /* SceneDelegate.swift */ = {isa = PBXFileReference; lastKnownFileType = sourcecode.swift; path = SceneDelegate.swift; sourceTree = "<group>"; };
		33E916FA2943AC4A00FC074A /* Base */ = {isa = PBXFileReference; lastKnownFileType = file.storyboard; name = Base; path = Base.lproj/Main.storyboard; sourceTree = "<group>"; };
		33E916FD2943AC4A00FC074A /* RankFit.xcdatamodel */ = {isa = PBXFileReference; lastKnownFileType = wrapper.xcdatamodel; path = RankFit.xcdatamodel; sourceTree = "<group>"; };
		33E916FF2943AC4B00FC074A /* Assets.xcassets */ = {isa = PBXFileReference; lastKnownFileType = folder.assetcatalog; path = Assets.xcassets; sourceTree = "<group>"; };
		33E917022943AC4B00FC074A /* Base */ = {isa = PBXFileReference; lastKnownFileType = file.storyboard; name = Base; path = Base.lproj/LaunchScreen.storyboard; sourceTree = "<group>"; };
		33E917042943AC4B00FC074A /* Info.plist */ = {isa = PBXFileReference; lastKnownFileType = text.plist.xml; path = Info.plist; sourceTree = "<group>"; };
		33E917092943AC4B00FC074A /* RankFitTests.xctest */ = {isa = PBXFileReference; explicitFileType = wrapper.cfbundle; includeInIndex = 0; path = RankFitTests.xctest; sourceTree = BUILT_PRODUCTS_DIR; };
		33E9170D2943AC4B00FC074A /* RankFitTests.swift */ = {isa = PBXFileReference; lastKnownFileType = sourcecode.swift; path = RankFitTests.swift; sourceTree = "<group>"; };
		33E917132943AC4B00FC074A /* RankFitUITests.xctest */ = {isa = PBXFileReference; explicitFileType = wrapper.cfbundle; includeInIndex = 0; path = RankFitUITests.xctest; sourceTree = BUILT_PRODUCTS_DIR; };
		33E917172943AC4B00FC074A /* RankFitUITests.swift */ = {isa = PBXFileReference; lastKnownFileType = sourcecode.swift; path = RankFitUITests.swift; sourceTree = "<group>"; };
		33E917192943AC4B00FC074A /* RankFitUITestsLaunchTests.swift */ = {isa = PBXFileReference; lastKnownFileType = sourcecode.swift; path = RankFitUITestsLaunchTests.swift; sourceTree = "<group>"; };
		33E917282943B0DD00FC074A /* MainTabBarController.swift */ = {isa = PBXFileReference; lastKnownFileType = sourcecode.swift; path = MainTabBarController.swift; sourceTree = "<group>"; };
		33E9172B2943B1F600FC074A /* Home.storyboard */ = {isa = PBXFileReference; lastKnownFileType = file.storyboard; path = Home.storyboard; sourceTree = "<group>"; };
		33E9172D2943B21800FC074A /* HomeViewController.swift */ = {isa = PBXFileReference; lastKnownFileType = sourcecode.swift; path = HomeViewController.swift; sourceTree = "<group>"; };
		33E917312943B57200FC074A /* Rank.storyboard */ = {isa = PBXFileReference; lastKnownFileType = file.storyboard; path = Rank.storyboard; sourceTree = "<group>"; };
		33E917332943B58600FC074A /* RankViewController.swift */ = {isa = PBXFileReference; lastKnownFileType = sourcecode.swift; path = RankViewController.swift; sourceTree = "<group>"; };
		33E917362943B61400FC074A /* Exercise.storyboard */ = {isa = PBXFileReference; lastKnownFileType = file.storyboard; path = Exercise.storyboard; sourceTree = "<group>"; };
		33E917382943B62000FC074A /* ExerciseViewController.swift */ = {isa = PBXFileReference; lastKnownFileType = sourcecode.swift; path = ExerciseViewController.swift; sourceTree = "<group>"; };
		33E9173B2943BBE300FC074A /* ExerciseViewModel.swift */ = {isa = PBXFileReference; lastKnownFileType = sourcecode.swift; path = ExerciseViewModel.swift; sourceTree = "<group>"; };
		33E9173D2943BC7600FC074A /* ExercisePlanCell.swift */ = {isa = PBXFileReference; lastKnownFileType = sourcecode.swift; path = ExercisePlanCell.swift; sourceTree = "<group>"; };
		33E9173F2943C6B500FC074A /* DoExercise.storyboard */ = {isa = PBXFileReference; lastKnownFileType = file.storyboard; path = DoExercise.storyboard; sourceTree = "<group>"; };
		33E917422943C6DC00FC074A /* AnaerobicActivityViewController.swift */ = {isa = PBXFileReference; lastKnownFileType = sourcecode.swift; path = AnaerobicActivityViewController.swift; sourceTree = "<group>"; };
		3691E1BBB547D22E5942284C /* Pods-RankFitTests.release.xcconfig */ = {isa = PBXFileReference; includeInIndex = 1; lastKnownFileType = text.xcconfig; name = "Pods-RankFitTests.release.xcconfig"; path = "Target Support Files/Pods-RankFitTests/Pods-RankFitTests.release.xcconfig"; sourceTree = "<group>"; };
		379608A3CB46109D7800BA77 /* Pods-RankFitTests.debug.xcconfig */ = {isa = PBXFileReference; includeInIndex = 1; lastKnownFileType = text.xcconfig; name = "Pods-RankFitTests.debug.xcconfig"; path = "Target Support Files/Pods-RankFitTests/Pods-RankFitTests.debug.xcconfig"; sourceTree = "<group>"; };
		423C216EBA3E6EAD43D54C12 /* Pods_RankFit.framework */ = {isa = PBXFileReference; explicitFileType = wrapper.framework; includeInIndex = 0; path = Pods_RankFit.framework; sourceTree = BUILT_PRODUCTS_DIR; };
		542665C9F2AA22A4E4BC23B4 /* Pods-RankFit-RankFitUITests.debug.xcconfig */ = {isa = PBXFileReference; includeInIndex = 1; lastKnownFileType = text.xcconfig; name = "Pods-RankFit-RankFitUITests.debug.xcconfig"; path = "Target Support Files/Pods-RankFit-RankFitUITests/Pods-RankFit-RankFitUITests.debug.xcconfig"; sourceTree = "<group>"; };
		70707AD5B716732050226C29 /* Pods-RankFit.release.xcconfig */ = {isa = PBXFileReference; includeInIndex = 1; lastKnownFileType = text.xcconfig; name = "Pods-RankFit.release.xcconfig"; path = "Target Support Files/Pods-RankFit/Pods-RankFit.release.xcconfig"; sourceTree = "<group>"; };
		9C065524F5E420FA02883AA8 /* Pods_RankFitTests.framework */ = {isa = PBXFileReference; explicitFileType = wrapper.framework; includeInIndex = 0; path = Pods_RankFitTests.framework; sourceTree = BUILT_PRODUCTS_DIR; };
		BFAB445775C61FD67BE76796 /* Pods_RankFit_RankFitUITests.framework */ = {isa = PBXFileReference; explicitFileType = wrapper.framework; includeInIndex = 0; path = Pods_RankFit_RankFitUITests.framework; sourceTree = BUILT_PRODUCTS_DIR; };
		D97F49E5BF1F597D2BDE3F09 /* Pods-RankFit.debug.xcconfig */ = {isa = PBXFileReference; includeInIndex = 1; lastKnownFileType = text.xcconfig; name = "Pods-RankFit.debug.xcconfig"; path = "Target Support Files/Pods-RankFit/Pods-RankFit.debug.xcconfig"; sourceTree = "<group>"; };
/* End PBXFileReference section */

/* Begin PBXFrameworksBuildPhase section */
		33E916ED2943AC4A00FC074A /* Frameworks */ = {
			isa = PBXFrameworksBuildPhase;
			buildActionMask = 2147483647;
			files = (
				15CC3AD2BC95A9A1A4040123 /* Pods_RankFit.framework in Frameworks */,
			);
			runOnlyForDeploymentPostprocessing = 0;
		};
		33E917062943AC4B00FC074A /* Frameworks */ = {
			isa = PBXFrameworksBuildPhase;
			buildActionMask = 2147483647;
			files = (
				014B1673EE2FDCE543AFF4F2 /* Pods_RankFitTests.framework in Frameworks */,
			);
			runOnlyForDeploymentPostprocessing = 0;
		};
		33E917102943AC4B00FC074A /* Frameworks */ = {
			isa = PBXFrameworksBuildPhase;
			buildActionMask = 2147483647;
			files = (
				F8DA81F21F9914B61140F575 /* Pods_RankFit_RankFitUITests.framework in Frameworks */,
			);
			runOnlyForDeploymentPostprocessing = 0;
		};
/* End PBXFrameworksBuildPhase section */

/* Begin PBXGroup section */
		33657A5329448C2A00164DB5 /* ExerciseList */ = {
			isa = PBXGroup;
			children = (
				33657A5129448C2500164DB5 /* ExerciseList.storyboard */,
				33657A542944ACB800164DB5 /* ExerciseListViewController.swift */,
				33657A562944ACD600164DB5 /* ExerciseInfoCell.swift */,
				33657A582944ACE500164DB5 /* ExerciseListViewModel.swift */,
				33657A5C2944B4AF00164DB5 /* saveExercise */,
			);
			path = ExerciseList;
			sourceTree = "<group>";
		};
		33657A5C2944B4AF00164DB5 /* saveExercise */ = {
			isa = PBXGroup;
			children = (
				33657A5A2944B4AC00164DB5 /* saveExercise.storyboard */,
				33657A5D2944B4F900164DB5 /* saveExerciseViewController1.swift */,
				33657A5F2944B50400164DB5 /* saveExerciseViewController2.swift */,
				33657A612944B51C00164DB5 /* saveExerciseViewModel.swift */,
			);
			path = saveExercise;
			sourceTree = "<group>";
		};
		33657A652944C7F300164DB5 /* Temp */ = {
			isa = PBXGroup;
			children = (
				33657A632944C7E000164DB5 /* Temp.storyboard */,
				33657A662944C84800164DB5 /* TempViewController.swift */,
			);
			path = Temp;
			sourceTree = "<group>";
		};
		33657A6A2944C88400164DB5 /* Setting */ = {
			isa = PBXGroup;
			children = (
				33657A682944C87100164DB5 /* Setting.storyboard */,
				33657A6B2944C89800164DB5 /* SettingViewController.swift */,
			);
			path = Setting;
			sourceTree = "<group>";
		};
		33657A6F2944C8F400164DB5 /* Model */ = {
			isa = PBXGroup;
			children = (
				33657A6D2944C8DC00164DB5 /* anaerobicExerciseInfo.swift */,
				33657A702944C92100164DB5 /* aerobicExerciseInfo.swift */,
				33657A722944C93500164DB5 /* ExerciseInfo.swift */,
			);
			path = Model;
			sourceTree = "<group>";
		};
		33657A762944C98E00164DB5 /* CustomBarButtonItem */ = {
			isa = PBXGroup;
			children = (
				33657A742944C98500164DB5 /* CustomBarItem.swift */,
				33657A772944C9AA00164DB5 /* BarButtonItemGenerate.swift */,
			);
			path = CustomBarButtonItem;
			sourceTree = "<group>";
		};
		33657A7D2944CA7200164DB5 /* Extensions */ = {
			isa = PBXGroup;
			children = (
				33657A7B2944CA6200164DB5 /* getTopViewController.swift */,
			);
			path = Extensions;
			sourceTree = "<group>";
		};
		33E916E72943AC4A00FC074A = {
			isa = PBXGroup;
			children = (
				33E916F22943AC4A00FC074A /* RankFit */,
				33E9170C2943AC4B00FC074A /* RankFitTests */,
				33E917162943AC4B00FC074A /* RankFitUITests */,
				33E916F12943AC4A00FC074A /* Products */,
				65BD2BAC447BD1B215D373A4 /* Pods */,
				694AC459EF86EDDC2A922E22 /* Frameworks */,
			);
			sourceTree = "<group>";
		};
		33E916F12943AC4A00FC074A /* Products */ = {
			isa = PBXGroup;
			children = (
				33E916F02943AC4A00FC074A /* RankFit.app */,
				33E917092943AC4B00FC074A /* RankFitTests.xctest */,
				33E917132943AC4B00FC074A /* RankFitUITests.xctest */,
			);
			name = Products;
			sourceTree = "<group>";
		};
		33E916F22943AC4A00FC074A /* RankFit */ = {
			isa = PBXGroup;
			children = (
				33E916F32943AC4A00FC074A /* AppDelegate.swift */,
				33E916F52943AC4A00FC074A /* SceneDelegate.swift */,
				33E9172F2943B3FF00FC074A /* Views */,
				33E917302943B52E00FC074A /* Home */,
				33E917352943B59B00FC074A /* Rank */,
				33E9173A2943B62A00FC074A /* Exercise */,
				33657A652944C7F300164DB5 /* Temp */,
				33657A6A2944C88400164DB5 /* Setting */,
				33657A762944C98E00164DB5 /* CustomBarButtonItem */,
				33657A6F2944C8F400164DB5 /* Model */,
				33657A7D2944CA7200164DB5 /* Extensions */,
				33E916FF2943AC4B00FC074A /* Assets.xcassets */,
				33E917012943AC4B00FC074A /* LaunchScreen.storyboard */,
				33E917042943AC4B00FC074A /* Info.plist */,
				33E916FC2943AC4A00FC074A /* RankFit.xcdatamodeld */,
			);
			path = RankFit;
			sourceTree = "<group>";
		};
		33E9170C2943AC4B00FC074A /* RankFitTests */ = {
			isa = PBXGroup;
			children = (
				33E9170D2943AC4B00FC074A /* RankFitTests.swift */,
			);
			path = RankFitTests;
			sourceTree = "<group>";
		};
		33E917162943AC4B00FC074A /* RankFitUITests */ = {
			isa = PBXGroup;
			children = (
				33E917172943AC4B00FC074A /* RankFitUITests.swift */,
				33E917192943AC4B00FC074A /* RankFitUITestsLaunchTests.swift */,
			);
			path = RankFitUITests;
			sourceTree = "<group>";
		};
		33E9172F2943B3FF00FC074A /* Views */ = {
			isa = PBXGroup;
			children = (
				33E916F92943AC4A00FC074A /* Main.storyboard */,
				33E917282943B0DD00FC074A /* MainTabBarController.swift */,
			);
			path = Views;
			sourceTree = "<group>";
		};
		33E917302943B52E00FC074A /* Home */ = {
			isa = PBXGroup;
			children = (
				33E9172B2943B1F600FC074A /* Home.storyboard */,
				33E9172D2943B21800FC074A /* HomeViewController.swift */,
			);
			path = Home;
			sourceTree = "<group>";
		};
		33E917352943B59B00FC074A /* Rank */ = {
			isa = PBXGroup;
			children = (
				33E917312943B57200FC074A /* Rank.storyboard */,
				33E917332943B58600FC074A /* RankViewController.swift */,
			);
			path = Rank;
			sourceTree = "<group>";
		};
		33E9173A2943B62A00FC074A /* Exercise */ = {
			isa = PBXGroup;
			children = (
				33E917362943B61400FC074A /* Exercise.storyboard */,
				33E917382943B62000FC074A /* ExerciseViewController.swift */,
				33E9173B2943BBE300FC074A /* ExerciseViewModel.swift */,
				33E9173D2943BC7600FC074A /* ExercisePlanCell.swift */,
				33657A7E2944CB7B00164DB5 /* ConfigDataStore.swift */,
				33E917412943C6B900FC074A /* DoExercise */,
			);
			path = Exercise;
			sourceTree = "<group>";
		};
		33E917412943C6B900FC074A /* DoExercise */ = {
			isa = PBXGroup;
			children = (
				33E9173F2943C6B500FC074A /* DoExercise.storyboard */,
				33E917422943C6DC00FC074A /* AnaerobicActivityViewController.swift */,
				33657A4D294483E900164DB5 /* AerobicActivityViewController.swift */,
				33657A4F2944840100164DB5 /* DoExerciseViewModel.swift */,
				33657A5329448C2A00164DB5 /* ExerciseList */,
			);
			path = DoExercise;
			sourceTree = "<group>";
		};
		65BD2BAC447BD1B215D373A4 /* Pods */ = {
			isa = PBXGroup;
			children = (
				D97F49E5BF1F597D2BDE3F09 /* Pods-RankFit.debug.xcconfig */,
				70707AD5B716732050226C29 /* Pods-RankFit.release.xcconfig */,
				542665C9F2AA22A4E4BC23B4 /* Pods-RankFit-RankFitUITests.debug.xcconfig */,
				1BAB57B374DD05BF2125AB8F /* Pods-RankFit-RankFitUITests.release.xcconfig */,
				379608A3CB46109D7800BA77 /* Pods-RankFitTests.debug.xcconfig */,
				3691E1BBB547D22E5942284C /* Pods-RankFitTests.release.xcconfig */,
			);
			path = Pods;
			sourceTree = "<group>";
		};
		694AC459EF86EDDC2A922E22 /* Frameworks */ = {
			isa = PBXGroup;
			children = (
				423C216EBA3E6EAD43D54C12 /* Pods_RankFit.framework */,
				BFAB445775C61FD67BE76796 /* Pods_RankFit_RankFitUITests.framework */,
				9C065524F5E420FA02883AA8 /* Pods_RankFitTests.framework */,
			);
			name = Frameworks;
			sourceTree = "<group>";
		};
/* End PBXGroup section */

/* Begin PBXNativeTarget section */
		33E916EF2943AC4A00FC074A /* RankFit */ = {
			isa = PBXNativeTarget;
			buildConfigurationList = 33E9171D2943AC4B00FC074A /* Build configuration list for PBXNativeTarget "RankFit" */;
			buildPhases = (
				A4C800D99B21C05006B80B0C /* [CP] Check Pods Manifest.lock */,
				33E916EC2943AC4A00FC074A /* Sources */,
				33E916ED2943AC4A00FC074A /* Frameworks */,
				33E916EE2943AC4A00FC074A /* Resources */,
				735FEB429EA1E623BBA15297 /* [CP] Embed Pods Frameworks */,
			);
			buildRules = (
			);
			dependencies = (
			);
			name = RankFit;
			productName = RankFit;
			productReference = 33E916F02943AC4A00FC074A /* RankFit.app */;
			productType = "com.apple.product-type.application";
		};
		33E917082943AC4B00FC074A /* RankFitTests */ = {
			isa = PBXNativeTarget;
			buildConfigurationList = 33E917202943AC4B00FC074A /* Build configuration list for PBXNativeTarget "RankFitTests" */;
			buildPhases = (
				454963F4DECD8DAE781E00B4 /* [CP] Check Pods Manifest.lock */,
				33E917052943AC4B00FC074A /* Sources */,
				33E917062943AC4B00FC074A /* Frameworks */,
				33E917072943AC4B00FC074A /* Resources */,
			);
			buildRules = (
			);
			dependencies = (
				33E9170B2943AC4B00FC074A /* PBXTargetDependency */,
			);
			name = RankFitTests;
			productName = RankFitTests;
			productReference = 33E917092943AC4B00FC074A /* RankFitTests.xctest */;
			productType = "com.apple.product-type.bundle.unit-test";
		};
		33E917122943AC4B00FC074A /* RankFitUITests */ = {
			isa = PBXNativeTarget;
			buildConfigurationList = 33E917232943AC4B00FC074A /* Build configuration list for PBXNativeTarget "RankFitUITests" */;
			buildPhases = (
				568A64BF556F9315D878CC9B /* [CP] Check Pods Manifest.lock */,
				33E9170F2943AC4B00FC074A /* Sources */,
				33E917102943AC4B00FC074A /* Frameworks */,
				33E917112943AC4B00FC074A /* Resources */,
				E9F371C612A9A2591462055F /* [CP] Embed Pods Frameworks */,
			);
			buildRules = (
			);
			dependencies = (
				33E917152943AC4B00FC074A /* PBXTargetDependency */,
			);
			name = RankFitUITests;
			productName = RankFitUITests;
			productReference = 33E917132943AC4B00FC074A /* RankFitUITests.xctest */;
			productType = "com.apple.product-type.bundle.ui-testing";
		};
/* End PBXNativeTarget section */

/* Begin PBXProject section */
		33E916E82943AC4A00FC074A /* Project object */ = {
			isa = PBXProject;
			attributes = {
				BuildIndependentTargetsInParallel = 1;
				LastSwiftUpdateCheck = 1410;
				LastUpgradeCheck = 1410;
				TargetAttributes = {
					33E916EF2943AC4A00FC074A = {
						CreatedOnToolsVersion = 14.1;
					};
					33E917082943AC4B00FC074A = {
						CreatedOnToolsVersion = 14.1;
						TestTargetID = 33E916EF2943AC4A00FC074A;
					};
					33E917122943AC4B00FC074A = {
						CreatedOnToolsVersion = 14.1;
						TestTargetID = 33E916EF2943AC4A00FC074A;
					};
				};
			};
			buildConfigurationList = 33E916EB2943AC4A00FC074A /* Build configuration list for PBXProject "RankFit" */;
			compatibilityVersion = "Xcode 14.0";
			developmentRegion = en;
			hasScannedForEncodings = 0;
			knownRegions = (
				en,
				Base,
			);
			mainGroup = 33E916E72943AC4A00FC074A;
			productRefGroup = 33E916F12943AC4A00FC074A /* Products */;
			projectDirPath = "";
			projectRoot = "";
			targets = (
				33E916EF2943AC4A00FC074A /* RankFit */,
				33E917082943AC4B00FC074A /* RankFitTests */,
				33E917122943AC4B00FC074A /* RankFitUITests */,
			);
		};
/* End PBXProject section */

/* Begin PBXResourcesBuildPhase section */
		33E916EE2943AC4A00FC074A /* Resources */ = {
			isa = PBXResourcesBuildPhase;
			buildActionMask = 2147483647;
			files = (
				33E917372943B61400FC074A /* Exercise.storyboard in Resources */,
				33E917322943B57200FC074A /* Rank.storyboard in Resources */,
				33657A5229448C2500164DB5 /* ExerciseList.storyboard in Resources */,
				33E917032943AC4B00FC074A /* LaunchScreen.storyboard in Resources */,
				33657A642944C7E000164DB5 /* Temp.storyboard in Resources */,
				33E917002943AC4B00FC074A /* Assets.xcassets in Resources */,
				33E917402943C6B500FC074A /* DoExercise.storyboard in Resources */,
				33E916FB2943AC4A00FC074A /* Main.storyboard in Resources */,
				33657A5B2944B4AC00164DB5 /* saveExercise.storyboard in Resources */,
				33657A692944C87100164DB5 /* Setting.storyboard in Resources */,
				33E9172C2943B1F600FC074A /* Home.storyboard in Resources */,
			);
			runOnlyForDeploymentPostprocessing = 0;
		};
		33E917072943AC4B00FC074A /* Resources */ = {
			isa = PBXResourcesBuildPhase;
			buildActionMask = 2147483647;
			files = (
			);
			runOnlyForDeploymentPostprocessing = 0;
		};
		33E917112943AC4B00FC074A /* Resources */ = {
			isa = PBXResourcesBuildPhase;
			buildActionMask = 2147483647;
			files = (
			);
			runOnlyForDeploymentPostprocessing = 0;
		};
/* End PBXResourcesBuildPhase section */

/* Begin PBXShellScriptBuildPhase section */
		454963F4DECD8DAE781E00B4 /* [CP] Check Pods Manifest.lock */ = {
			isa = PBXShellScriptBuildPhase;
			buildActionMask = 2147483647;
			files = (
			);
			inputFileListPaths = (
			);
			inputPaths = (
				"${PODS_PODFILE_DIR_PATH}/Podfile.lock",
				"${PODS_ROOT}/Manifest.lock",
			);
			name = "[CP] Check Pods Manifest.lock";
			outputFileListPaths = (
			);
			outputPaths = (
				"$(DERIVED_FILE_DIR)/Pods-RankFitTests-checkManifestLockResult.txt",
			);
			runOnlyForDeploymentPostprocessing = 0;
			shellPath = /bin/sh;
			shellScript = "diff \"${PODS_PODFILE_DIR_PATH}/Podfile.lock\" \"${PODS_ROOT}/Manifest.lock\" > /dev/null\nif [ $? != 0 ] ; then\n    # print error to STDERR\n    echo \"error: The sandbox is not in sync with the Podfile.lock. Run 'pod install' or update your CocoaPods installation.\" >&2\n    exit 1\nfi\n# This output is used by Xcode 'outputs' to avoid re-running this script phase.\necho \"SUCCESS\" > \"${SCRIPT_OUTPUT_FILE_0}\"\n";
			showEnvVarsInLog = 0;
		};
		568A64BF556F9315D878CC9B /* [CP] Check Pods Manifest.lock */ = {
			isa = PBXShellScriptBuildPhase;
			buildActionMask = 2147483647;
			files = (
			);
			inputFileListPaths = (
			);
			inputPaths = (
				"${PODS_PODFILE_DIR_PATH}/Podfile.lock",
				"${PODS_ROOT}/Manifest.lock",
			);
			name = "[CP] Check Pods Manifest.lock";
			outputFileListPaths = (
			);
			outputPaths = (
				"$(DERIVED_FILE_DIR)/Pods-RankFit-RankFitUITests-checkManifestLockResult.txt",
			);
			runOnlyForDeploymentPostprocessing = 0;
			shellPath = /bin/sh;
			shellScript = "diff \"${PODS_PODFILE_DIR_PATH}/Podfile.lock\" \"${PODS_ROOT}/Manifest.lock\" > /dev/null\nif [ $? != 0 ] ; then\n    # print error to STDERR\n    echo \"error: The sandbox is not in sync with the Podfile.lock. Run 'pod install' or update your CocoaPods installation.\" >&2\n    exit 1\nfi\n# This output is used by Xcode 'outputs' to avoid re-running this script phase.\necho \"SUCCESS\" > \"${SCRIPT_OUTPUT_FILE_0}\"\n";
			showEnvVarsInLog = 0;
		};
		735FEB429EA1E623BBA15297 /* [CP] Embed Pods Frameworks */ = {
			isa = PBXShellScriptBuildPhase;
			buildActionMask = 2147483647;
			files = (
			);
			inputFileListPaths = (
				"${PODS_ROOT}/Target Support Files/Pods-RankFit/Pods-RankFit-frameworks-${CONFIGURATION}-input-files.xcfilelist",
			);
			name = "[CP] Embed Pods Frameworks";
			outputFileListPaths = (
				"${PODS_ROOT}/Target Support Files/Pods-RankFit/Pods-RankFit-frameworks-${CONFIGURATION}-output-files.xcfilelist",
			);
			runOnlyForDeploymentPostprocessing = 0;
			shellPath = /bin/sh;
			shellScript = "\"${PODS_ROOT}/Target Support Files/Pods-RankFit/Pods-RankFit-frameworks.sh\"\n";
			showEnvVarsInLog = 0;
		};
		A4C800D99B21C05006B80B0C /* [CP] Check Pods Manifest.lock */ = {
			isa = PBXShellScriptBuildPhase;
			buildActionMask = 2147483647;
			files = (
			);
			inputFileListPaths = (
			);
			inputPaths = (
				"${PODS_PODFILE_DIR_PATH}/Podfile.lock",
				"${PODS_ROOT}/Manifest.lock",
			);
			name = "[CP] Check Pods Manifest.lock";
			outputFileListPaths = (
			);
			outputPaths = (
				"$(DERIVED_FILE_DIR)/Pods-RankFit-checkManifestLockResult.txt",
			);
			runOnlyForDeploymentPostprocessing = 0;
			shellPath = /bin/sh;
			shellScript = "diff \"${PODS_PODFILE_DIR_PATH}/Podfile.lock\" \"${PODS_ROOT}/Manifest.lock\" > /dev/null\nif [ $? != 0 ] ; then\n    # print error to STDERR\n    echo \"error: The sandbox is not in sync with the Podfile.lock. Run 'pod install' or update your CocoaPods installation.\" >&2\n    exit 1\nfi\n# This output is used by Xcode 'outputs' to avoid re-running this script phase.\necho \"SUCCESS\" > \"${SCRIPT_OUTPUT_FILE_0}\"\n";
			showEnvVarsInLog = 0;
		};
		E9F371C612A9A2591462055F /* [CP] Embed Pods Frameworks */ = {
			isa = PBXShellScriptBuildPhase;
			buildActionMask = 2147483647;
			files = (
			);
			inputFileListPaths = (
				"${PODS_ROOT}/Target Support Files/Pods-RankFit-RankFitUITests/Pods-RankFit-RankFitUITests-frameworks-${CONFIGURATION}-input-files.xcfilelist",
			);
			name = "[CP] Embed Pods Frameworks";
			outputFileListPaths = (
				"${PODS_ROOT}/Target Support Files/Pods-RankFit-RankFitUITests/Pods-RankFit-RankFitUITests-frameworks-${CONFIGURATION}-output-files.xcfilelist",
			);
			runOnlyForDeploymentPostprocessing = 0;
			shellPath = /bin/sh;
			shellScript = "\"${PODS_ROOT}/Target Support Files/Pods-RankFit-RankFitUITests/Pods-RankFit-RankFitUITests-frameworks.sh\"\n";
			showEnvVarsInLog = 0;
		};
/* End PBXShellScriptBuildPhase section */

/* Begin PBXSourcesBuildPhase section */
		33E916EC2943AC4A00FC074A /* Sources */ = {
			isa = PBXSourcesBuildPhase;
			buildActionMask = 2147483647;
			files = (
				33657A592944ACE500164DB5 /* ExerciseListViewModel.swift in Sources */,
				33657A622944B51C00164DB5 /* saveExerciseViewModel.swift in Sources */,
				33657A672944C84800164DB5 /* TempViewController.swift in Sources */,
				33657A712944C92100164DB5 /* aerobicExerciseInfo.swift in Sources */,
				33E9172E2943B21800FC074A /* HomeViewController.swift in Sources */,
				33657A732944C93500164DB5 /* ExerciseInfo.swift in Sources */,
				33E917392943B62000FC074A /* ExerciseViewController.swift in Sources */,
				33E916F42943AC4A00FC074A /* AppDelegate.swift in Sources */,
				33E917342943B58600FC074A /* RankViewController.swift in Sources */,
				33E916F62943AC4A00FC074A /* SceneDelegate.swift in Sources */,
				33E9173E2943BC7600FC074A /* ExercisePlanCell.swift in Sources */,
				33657A782944C9AA00164DB5 /* BarButtonItemGenerate.swift in Sources */,
				33E917292943B0DD00FC074A /* MainTabBarController.swift in Sources */,
				33657A572944ACD600164DB5 /* ExerciseInfoCell.swift in Sources */,
				33657A7F2944CB7B00164DB5 /* ConfigDataStore.swift in Sources */,
				33657A752944C98500164DB5 /* CustomBarItem.swift in Sources */,
				33657A6E2944C8DC00164DB5 /* anaerobicExerciseInfo.swift in Sources */,
				33657A5E2944B4F900164DB5 /* saveExerciseViewController1.swift in Sources */,
				33657A4E294483E900164DB5 /* AerobicActivityViewController.swift in Sources */,
				33E9173C2943BBE300FC074A /* ExerciseViewModel.swift in Sources */,
				33657A552944ACB800164DB5 /* ExerciseListViewController.swift in Sources */,
				33657A6C2944C89800164DB5 /* SettingViewController.swift in Sources */,
				33E917432943C6DC00FC074A /* AnaerobicActivityViewController.swift in Sources */,
				33E916FE2943AC4A00FC074A /* RankFit.xcdatamodeld in Sources */,
				33657A7C2944CA6200164DB5 /* getTopViewController.swift in Sources */,
				33657A502944840100164DB5 /* DoExerciseViewModel.swift in Sources */,
				33657A602944B50400164DB5 /* saveExerciseViewController2.swift in Sources */,
			);
			runOnlyForDeploymentPostprocessing = 0;
		};
		33E917052943AC4B00FC074A /* Sources */ = {
			isa = PBXSourcesBuildPhase;
			buildActionMask = 2147483647;
			files = (
				33E9170E2943AC4B00FC074A /* RankFitTests.swift in Sources */,
			);
			runOnlyForDeploymentPostprocessing = 0;
		};
		33E9170F2943AC4B00FC074A /* Sources */ = {
			isa = PBXSourcesBuildPhase;
			buildActionMask = 2147483647;
			files = (
				33E9171A2943AC4B00FC074A /* RankFitUITestsLaunchTests.swift in Sources */,
				33E917182943AC4B00FC074A /* RankFitUITests.swift in Sources */,
			);
			runOnlyForDeploymentPostprocessing = 0;
		};
/* End PBXSourcesBuildPhase section */

/* Begin PBXTargetDependency section */
		33E9170B2943AC4B00FC074A /* PBXTargetDependency */ = {
			isa = PBXTargetDependency;
			target = 33E916EF2943AC4A00FC074A /* RankFit */;
			targetProxy = 33E9170A2943AC4B00FC074A /* PBXContainerItemProxy */;
		};
		33E917152943AC4B00FC074A /* PBXTargetDependency */ = {
			isa = PBXTargetDependency;
			target = 33E916EF2943AC4A00FC074A /* RankFit */;
			targetProxy = 33E917142943AC4B00FC074A /* PBXContainerItemProxy */;
		};
/* End PBXTargetDependency section */

/* Begin PBXVariantGroup section */
		33E916F92943AC4A00FC074A /* Main.storyboard */ = {
			isa = PBXVariantGroup;
			children = (
				33E916FA2943AC4A00FC074A /* Base */,
			);
			name = Main.storyboard;
			sourceTree = "<group>";
		};
		33E917012943AC4B00FC074A /* LaunchScreen.storyboard */ = {
			isa = PBXVariantGroup;
			children = (
				33E917022943AC4B00FC074A /* Base */,
			);
			name = LaunchScreen.storyboard;
			sourceTree = "<group>";
		};
/* End PBXVariantGroup section */

/* Begin XCBuildConfiguration section */
		33E9171B2943AC4B00FC074A /* Debug */ = {
			isa = XCBuildConfiguration;
			buildSettings = {
				ALWAYS_SEARCH_USER_PATHS = NO;
				CLANG_ANALYZER_NONNULL = YES;
				CLANG_ANALYZER_NUMBER_OBJECT_CONVERSION = YES_AGGRESSIVE;
				CLANG_CXX_LANGUAGE_STANDARD = "gnu++20";
				CLANG_ENABLE_MODULES = YES;
				CLANG_ENABLE_OBJC_ARC = YES;
				CLANG_ENABLE_OBJC_WEAK = YES;
				CLANG_WARN_BLOCK_CAPTURE_AUTORELEASING = YES;
				CLANG_WARN_BOOL_CONVERSION = YES;
				CLANG_WARN_COMMA = YES;
				CLANG_WARN_CONSTANT_CONVERSION = YES;
				CLANG_WARN_DEPRECATED_OBJC_IMPLEMENTATIONS = YES;
				CLANG_WARN_DIRECT_OBJC_ISA_USAGE = YES_ERROR;
				CLANG_WARN_DOCUMENTATION_COMMENTS = YES;
				CLANG_WARN_EMPTY_BODY = YES;
				CLANG_WARN_ENUM_CONVERSION = YES;
				CLANG_WARN_INFINITE_RECURSION = YES;
				CLANG_WARN_INT_CONVERSION = YES;
				CLANG_WARN_NON_LITERAL_NULL_CONVERSION = YES;
				CLANG_WARN_OBJC_IMPLICIT_RETAIN_SELF = YES;
				CLANG_WARN_OBJC_LITERAL_CONVERSION = YES;
				CLANG_WARN_OBJC_ROOT_CLASS = YES_ERROR;
				CLANG_WARN_QUOTED_INCLUDE_IN_FRAMEWORK_HEADER = YES;
				CLANG_WARN_RANGE_LOOP_ANALYSIS = YES;
				CLANG_WARN_STRICT_PROTOTYPES = YES;
				CLANG_WARN_SUSPICIOUS_MOVE = YES;
				CLANG_WARN_UNGUARDED_AVAILABILITY = YES_AGGRESSIVE;
				CLANG_WARN_UNREACHABLE_CODE = YES;
				CLANG_WARN__DUPLICATE_METHOD_MATCH = YES;
				COPY_PHASE_STRIP = NO;
				DEBUG_INFORMATION_FORMAT = dwarf;
				ENABLE_STRICT_OBJC_MSGSEND = YES;
				ENABLE_TESTABILITY = YES;
				GCC_C_LANGUAGE_STANDARD = gnu11;
				GCC_DYNAMIC_NO_PIC = NO;
				GCC_NO_COMMON_BLOCKS = YES;
				GCC_OPTIMIZATION_LEVEL = 0;
				GCC_PREPROCESSOR_DEFINITIONS = (
					"DEBUG=1",
					"$(inherited)",
				);
				GCC_WARN_64_TO_32_BIT_CONVERSION = YES;
				GCC_WARN_ABOUT_RETURN_TYPE = YES_ERROR;
				GCC_WARN_UNDECLARED_SELECTOR = YES;
				GCC_WARN_UNINITIALIZED_AUTOS = YES_AGGRESSIVE;
				GCC_WARN_UNUSED_FUNCTION = YES;
				GCC_WARN_UNUSED_VARIABLE = YES;
				IPHONEOS_DEPLOYMENT_TARGET = 16.1;
				MTL_ENABLE_DEBUG_INFO = INCLUDE_SOURCE;
				MTL_FAST_MATH = YES;
				ONLY_ACTIVE_ARCH = YES;
				SDKROOT = iphoneos;
				SWIFT_ACTIVE_COMPILATION_CONDITIONS = DEBUG;
				SWIFT_OPTIMIZATION_LEVEL = "-Onone";
			};
			name = Debug;
		};
		33E9171C2943AC4B00FC074A /* Release */ = {
			isa = XCBuildConfiguration;
			buildSettings = {
				ALWAYS_SEARCH_USER_PATHS = NO;
				CLANG_ANALYZER_NONNULL = YES;
				CLANG_ANALYZER_NUMBER_OBJECT_CONVERSION = YES_AGGRESSIVE;
				CLANG_CXX_LANGUAGE_STANDARD = "gnu++20";
				CLANG_ENABLE_MODULES = YES;
				CLANG_ENABLE_OBJC_ARC = YES;
				CLANG_ENABLE_OBJC_WEAK = YES;
				CLANG_WARN_BLOCK_CAPTURE_AUTORELEASING = YES;
				CLANG_WARN_BOOL_CONVERSION = YES;
				CLANG_WARN_COMMA = YES;
				CLANG_WARN_CONSTANT_CONVERSION = YES;
				CLANG_WARN_DEPRECATED_OBJC_IMPLEMENTATIONS = YES;
				CLANG_WARN_DIRECT_OBJC_ISA_USAGE = YES_ERROR;
				CLANG_WARN_DOCUMENTATION_COMMENTS = YES;
				CLANG_WARN_EMPTY_BODY = YES;
				CLANG_WARN_ENUM_CONVERSION = YES;
				CLANG_WARN_INFINITE_RECURSION = YES;
				CLANG_WARN_INT_CONVERSION = YES;
				CLANG_WARN_NON_LITERAL_NULL_CONVERSION = YES;
				CLANG_WARN_OBJC_IMPLICIT_RETAIN_SELF = YES;
				CLANG_WARN_OBJC_LITERAL_CONVERSION = YES;
				CLANG_WARN_OBJC_ROOT_CLASS = YES_ERROR;
				CLANG_WARN_QUOTED_INCLUDE_IN_FRAMEWORK_HEADER = YES;
				CLANG_WARN_RANGE_LOOP_ANALYSIS = YES;
				CLANG_WARN_STRICT_PROTOTYPES = YES;
				CLANG_WARN_SUSPICIOUS_MOVE = YES;
				CLANG_WARN_UNGUARDED_AVAILABILITY = YES_AGGRESSIVE;
				CLANG_WARN_UNREACHABLE_CODE = YES;
				CLANG_WARN__DUPLICATE_METHOD_MATCH = YES;
				COPY_PHASE_STRIP = NO;
				DEBUG_INFORMATION_FORMAT = "dwarf-with-dsym";
				ENABLE_NS_ASSERTIONS = NO;
				ENABLE_STRICT_OBJC_MSGSEND = YES;
				GCC_C_LANGUAGE_STANDARD = gnu11;
				GCC_NO_COMMON_BLOCKS = YES;
				GCC_WARN_64_TO_32_BIT_CONVERSION = YES;
				GCC_WARN_ABOUT_RETURN_TYPE = YES_ERROR;
				GCC_WARN_UNDECLARED_SELECTOR = YES;
				GCC_WARN_UNINITIALIZED_AUTOS = YES_AGGRESSIVE;
				GCC_WARN_UNUSED_FUNCTION = YES;
				GCC_WARN_UNUSED_VARIABLE = YES;
				IPHONEOS_DEPLOYMENT_TARGET = 16.1;
				MTL_ENABLE_DEBUG_INFO = NO;
				MTL_FAST_MATH = YES;
				SDKROOT = iphoneos;
				SWIFT_COMPILATION_MODE = wholemodule;
				SWIFT_OPTIMIZATION_LEVEL = "-O";
				VALIDATE_PRODUCT = YES;
			};
			name = Release;
		};
		33E9171E2943AC4B00FC074A /* Debug */ = {
			isa = XCBuildConfiguration;
			baseConfigurationReference = D97F49E5BF1F597D2BDE3F09 /* Pods-RankFit.debug.xcconfig */;
			buildSettings = {
				ASSETCATALOG_COMPILER_APPICON_NAME = AppIcon;
				ASSETCATALOG_COMPILER_GLOBAL_ACCENT_COLOR_NAME = AccentColor;
				CODE_SIGN_STYLE = Automatic;
				CURRENT_PROJECT_VERSION = 1;
				DEVELOPMENT_TEAM = HJ943JVKX7;
				GENERATE_INFOPLIST_FILE = YES;
				INFOPLIST_FILE = RankFit/Info.plist;
				INFOPLIST_KEY_NSLocationAlwaysAndWhenInUseUsageDescription = "지도에서 사용자의 위치를 확인하여 경로 기록을 하기 위해 권한이 필요합니다.(필수권한)";
				INFOPLIST_KEY_NSLocationWhenInUseUsageDescription = "지도에서 사용자의 위치를 확인하여 경로 기록을 하기 위해 권한이 필요합니다.(필수권한)";
				INFOPLIST_KEY_NSMotionUsageDescription = "사용자의 운동을 확인하기 위해 권한이 필요합니다.(필수권한)";
				INFOPLIST_KEY_UIApplicationSupportsIndirectInputEvents = YES;
				INFOPLIST_KEY_UILaunchStoryboardName = LaunchScreen;
				INFOPLIST_KEY_UIMainStoryboardFile = Main;
				INFOPLIST_KEY_UISupportedInterfaceOrientations_iPad = "UIInterfaceOrientationPortrait UIInterfaceOrientationPortraitUpsideDown UIInterfaceOrientationLandscapeLeft UIInterfaceOrientationLandscapeRight";
				INFOPLIST_KEY_UISupportedInterfaceOrientations_iPhone = "UIInterfaceOrientationPortrait UIInterfaceOrientationLandscapeLeft UIInterfaceOrientationLandscapeRight";
				LD_RUNPATH_SEARCH_PATHS = (
					"$(inherited)",
					"@executable_path/Frameworks",
				);
				MARKETING_VERSION = 1.0;
				PRODUCT_BUNDLE_IDENTIFIER = RankFit777.RankFit;
				PRODUCT_NAME = "$(TARGET_NAME)";
				SWIFT_EMIT_LOC_STRINGS = YES;
				SWIFT_VERSION = 5.0;
				TARGETED_DEVICE_FAMILY = "1,2";
			};
			name = Debug;
		};
		33E9171F2943AC4B00FC074A /* Release */ = {
			isa = XCBuildConfiguration;
			baseConfigurationReference = 70707AD5B716732050226C29 /* Pods-RankFit.release.xcconfig */;
			buildSettings = {
				ASSETCATALOG_COMPILER_APPICON_NAME = AppIcon;
				ASSETCATALOG_COMPILER_GLOBAL_ACCENT_COLOR_NAME = AccentColor;
				CODE_SIGN_STYLE = Automatic;
				CURRENT_PROJECT_VERSION = 1;
				DEVELOPMENT_TEAM = HJ943JVKX7;
				GENERATE_INFOPLIST_FILE = YES;
				INFOPLIST_FILE = RankFit/Info.plist;
				INFOPLIST_KEY_NSLocationAlwaysAndWhenInUseUsageDescription = "지도에서 사용자의 위치를 확인하여 경로 기록을 하기 위해 권한이 필요합니다.(필수권한)";
				INFOPLIST_KEY_NSLocationWhenInUseUsageDescription = "지도에서 사용자의 위치를 확인하여 경로 기록을 하기 위해 권한이 필요합니다.(필수권한)";
				INFOPLIST_KEY_NSMotionUsageDescription = "사용자의 운동을 확인하기 위해 권한이 필요합니다.(필수권한)";
				INFOPLIST_KEY_UIApplicationSupportsIndirectInputEvents = YES;
				INFOPLIST_KEY_UILaunchStoryboardName = LaunchScreen;
				INFOPLIST_KEY_UIMainStoryboardFile = Main;
				INFOPLIST_KEY_UISupportedInterfaceOrientations_iPad = "UIInterfaceOrientationPortrait UIInterfaceOrientationPortraitUpsideDown UIInterfaceOrientationLandscapeLeft UIInterfaceOrientationLandscapeRight";
				INFOPLIST_KEY_UISupportedInterfaceOrientations_iPhone = "UIInterfaceOrientationPortrait UIInterfaceOrientationLandscapeLeft UIInterfaceOrientationLandscapeRight";
				LD_RUNPATH_SEARCH_PATHS = (
					"$(inherited)",
					"@executable_path/Frameworks",
				);
				MARKETING_VERSION = 1.0;
				PRODUCT_BUNDLE_IDENTIFIER = RankFit777.RankFit;
				PRODUCT_NAME = "$(TARGET_NAME)";
				SWIFT_EMIT_LOC_STRINGS = YES;
				SWIFT_VERSION = 5.0;
				TARGETED_DEVICE_FAMILY = "1,2";
			};
			name = Release;
		};
		33E917212943AC4B00FC074A /* Debug */ = {
			isa = XCBuildConfiguration;
			baseConfigurationReference = 379608A3CB46109D7800BA77 /* Pods-RankFitTests.debug.xcconfig */;
			buildSettings = {
				ALWAYS_EMBED_SWIFT_STANDARD_LIBRARIES = YES;
				BUNDLE_LOADER = "$(TEST_HOST)";
				CODE_SIGN_STYLE = Automatic;
				CURRENT_PROJECT_VERSION = 1;
				DEVELOPMENT_TEAM = HJ943JVKX7;
				GENERATE_INFOPLIST_FILE = YES;
				IPHONEOS_DEPLOYMENT_TARGET = 16.1;
				MARKETING_VERSION = 1.0;
				PRODUCT_BUNDLE_IDENTIFIER = RankFit777.RankFitTests;
				PRODUCT_NAME = "$(TARGET_NAME)";
				SWIFT_EMIT_LOC_STRINGS = NO;
				SWIFT_VERSION = 5.0;
				TARGETED_DEVICE_FAMILY = "1,2";
				TEST_HOST = "$(BUILT_PRODUCTS_DIR)/RankFit.app/$(BUNDLE_EXECUTABLE_FOLDER_PATH)/RankFit";
			};
			name = Debug;
		};
		33E917222943AC4B00FC074A /* Release */ = {
			isa = XCBuildConfiguration;
			baseConfigurationReference = 3691E1BBB547D22E5942284C /* Pods-RankFitTests.release.xcconfig */;
			buildSettings = {
				ALWAYS_EMBED_SWIFT_STANDARD_LIBRARIES = YES;
				BUNDLE_LOADER = "$(TEST_HOST)";
				CODE_SIGN_STYLE = Automatic;
				CURRENT_PROJECT_VERSION = 1;
				DEVELOPMENT_TEAM = HJ943JVKX7;
				GENERATE_INFOPLIST_FILE = YES;
				IPHONEOS_DEPLOYMENT_TARGET = 16.1;
				MARKETING_VERSION = 1.0;
				PRODUCT_BUNDLE_IDENTIFIER = RankFit777.RankFitTests;
				PRODUCT_NAME = "$(TARGET_NAME)";
				SWIFT_EMIT_LOC_STRINGS = NO;
				SWIFT_VERSION = 5.0;
				TARGETED_DEVICE_FAMILY = "1,2";
				TEST_HOST = "$(BUILT_PRODUCTS_DIR)/RankFit.app/$(BUNDLE_EXECUTABLE_FOLDER_PATH)/RankFit";
			};
			name = Release;
		};
		33E917242943AC4B00FC074A /* Debug */ = {
			isa = XCBuildConfiguration;
			baseConfigurationReference = 542665C9F2AA22A4E4BC23B4 /* Pods-RankFit-RankFitUITests.debug.xcconfig */;
			buildSettings = {
				ALWAYS_EMBED_SWIFT_STANDARD_LIBRARIES = YES;
				CODE_SIGN_STYLE = Automatic;
				CURRENT_PROJECT_VERSION = 1;
				DEVELOPMENT_TEAM = HJ943JVKX7;
				GENERATE_INFOPLIST_FILE = YES;
				MARKETING_VERSION = 1.0;
				PRODUCT_BUNDLE_IDENTIFIER = RankFit777.RankFitUITests;
				PRODUCT_NAME = "$(TARGET_NAME)";
				SWIFT_EMIT_LOC_STRINGS = NO;
				SWIFT_VERSION = 5.0;
				TARGETED_DEVICE_FAMILY = "1,2";
				TEST_TARGET_NAME = RankFit;
			};
			name = Debug;
		};
		33E917252943AC4B00FC074A /* Release */ = {
			isa = XCBuildConfiguration;
			baseConfigurationReference = 1BAB57B374DD05BF2125AB8F /* Pods-RankFit-RankFitUITests.release.xcconfig */;
			buildSettings = {
				ALWAYS_EMBED_SWIFT_STANDARD_LIBRARIES = YES;
				CODE_SIGN_STYLE = Automatic;
				CURRENT_PROJECT_VERSION = 1;
				DEVELOPMENT_TEAM = HJ943JVKX7;
				GENERATE_INFOPLIST_FILE = YES;
				MARKETING_VERSION = 1.0;
				PRODUCT_BUNDLE_IDENTIFIER = RankFit777.RankFitUITests;
				PRODUCT_NAME = "$(TARGET_NAME)";
				SWIFT_EMIT_LOC_STRINGS = NO;
				SWIFT_VERSION = 5.0;
				TARGETED_DEVICE_FAMILY = "1,2";
				TEST_TARGET_NAME = RankFit;
			};
			name = Release;
		};
/* End XCBuildConfiguration section */

/* Begin XCConfigurationList section */
		33E916EB2943AC4A00FC074A /* Build configuration list for PBXProject "RankFit" */ = {
			isa = XCConfigurationList;
			buildConfigurations = (
				33E9171B2943AC4B00FC074A /* Debug */,
				33E9171C2943AC4B00FC074A /* Release */,
			);
			defaultConfigurationIsVisible = 0;
			defaultConfigurationName = Release;
		};
		33E9171D2943AC4B00FC074A /* Build configuration list for PBXNativeTarget "RankFit" */ = {
			isa = XCConfigurationList;
			buildConfigurations = (
				33E9171E2943AC4B00FC074A /* Debug */,
				33E9171F2943AC4B00FC074A /* Release */,
			);
			defaultConfigurationIsVisible = 0;
			defaultConfigurationName = Release;
		};
		33E917202943AC4B00FC074A /* Build configuration list for PBXNativeTarget "RankFitTests" */ = {
			isa = XCConfigurationList;
			buildConfigurations = (
				33E917212943AC4B00FC074A /* Debug */,
				33E917222943AC4B00FC074A /* Release */,
			);
			defaultConfigurationIsVisible = 0;
			defaultConfigurationName = Release;
		};
		33E917232943AC4B00FC074A /* Build configuration list for PBXNativeTarget "RankFitUITests" */ = {
			isa = XCConfigurationList;
			buildConfigurations = (
				33E917242943AC4B00FC074A /* Debug */,
				33E917252943AC4B00FC074A /* Release */,
			);
			defaultConfigurationIsVisible = 0;
			defaultConfigurationName = Release;
		};
/* End XCConfigurationList section */

/* Begin XCVersionGroup section */
		33E916FC2943AC4A00FC074A /* RankFit.xcdatamodeld */ = {
			isa = XCVersionGroup;
			children = (
				33E916FD2943AC4A00FC074A /* RankFit.xcdatamodel */,
			);
			currentVersion = 33E916FD2943AC4A00FC074A /* RankFit.xcdatamodel */;
			path = RankFit.xcdatamodeld;
			sourceTree = "<group>";
			versionGroupType = wrapper.xcdatamodel;
		};
/* End XCVersionGroup section */
	};
	rootObject = 33E916E82943AC4A00FC074A /* Project object */;
}
